
Microsoft Visual Studio Solution File, Format Version 12.00
# Visual Studio Version 17
VisualStudioVersion = 17.6.33829.357
MinimumVisualStudioVersion = 10.0.40219.1
Project("{9A19103F-16F7-4668-BE54-9A1E7A4F7556}") = "PiMusic", "PiMusic\PiMusic.csproj", "{4135469E-0C56-466B-8ABA-85CC2A752292}"
EndProject
Global
	GlobalSection(SolutionConfigurationPlatforms) = preSolution
		Debug|Any CPU = Debug|Any CPU
		Debug|ARM64 = Debug|ARM64
		Release|Any CPU = Release|Any CPU
		Release|ARM64 = Release|ARM64
	EndGlobalSection
	GlobalSection(ProjectConfigurationPlatforms) = postSolution
		{4135469E-0C56-466B-8ABA-85CC2A752292}.Debug|Any CPU.ActiveCfg = Debug|Any CPU
		{4135469E-0C56-466B-8ABA-85CC2A752292}.Debug|Any CPU.Build.0 = Debug|Any CPU
		{4135469E-0C56-466B-8ABA-85CC2A752292}.Debug|ARM64.ActiveCfg = Debug|ARM64
		{4135469E-0C56-466B-8ABA-85CC2A752292}.Debug|ARM64.Build.0 = Debug|ARM64
		{4135469E-0C56-466B-8ABA-85CC2A752292}.Release|Any CPU.ActiveCfg = Release|Any CPU
		{4135469E-0C56-466B-8ABA-85CC2A752292}.Release|Any CPU.Build.0 = Release|Any CPU
		{4135469E-0C56-466B-8ABA-85CC2A752292}.Release|ARM64.ActiveCfg = Release|ARM64
		{4135469E-0C56-466B-8ABA-85CC2A752292}.Release|ARM64.Build.0 = Release|ARM64
	EndGlobalSection
	GlobalSection(SolutionProperties) = preSolution
		HideSolutionNode = FALSE
	EndGlobalSection
	GlobalSection(ExtensibilityGlobals) = postSolution
		SolutionGuid = {54725AD1-0C72-4073-9F23-AE23A1F0A5C9}
	EndGlobalSection
EndGlobal
